
Microsoft Visual Studio Solution File, Format Version 12.00
# Visual Studio 15
VisualStudioVersion = 15.0.27428.2015
MinimumVisualStudioVersion = 10.0.40219.1
Project("{2150E333-8FDC-42A3-9474-1A3956D46DE8}") = "1-Presentation", "1-Presentation", "{7EFD0096-3560-4895-838E-E5DE3BEB120A}"
EndProject
Project("{2150E333-8FDC-42A3-9474-1A3956D46DE8}") = "2-Services", "2-Services", "{A9BE9802-49AA-4C16-A38E-B9B351F823C3}"
EndProject
Project("{2150E333-8FDC-42A3-9474-1A3956D46DE8}") = "3-Application", "3-Application", "{FE089011-DB9B-47AC-9E75-766127094A07}"
EndProject
Project("{2150E333-8FDC-42A3-9474-1A3956D46DE8}") = "4-Domain", "4-Domain", "{62374E8C-1A8C-45D9-B380-A172A2A54688}"
EndProject
Project("{2150E333-8FDC-42A3-9474-1A3956D46DE8}") = "5-Infra", "5-Infra", "{A0F77765-2975-465A-9E5B-C4F8E451F899}"
EndProject
Project("{2150E333-8FDC-42A3-9474-1A3956D46DE8}") = "5.1-Infra.Data", "5.1-Infra.Data", "{9254069F-3178-49AA-92F3-5DAF5CA4E030}"
EndProject
Project("{2150E333-8FDC-42A3-9474-1A3956D46DE8}") = "5.2-Infra.IoC", "5.2-Infra.IoC", "{E0333FC7-6CDC-439F-8770-D495109C8137}"
EndProject
Project("{9A19103F-16F7-4668-BE54-9A1E7A4F7556}") = "DDD_MongDB.Presentation.Mvc", "DDD_MongDB.Presentation.Mvc\DDD_MongDB.Presentation.Mvc.csproj", "{A6AE1659-9215-4EEF-9A29-4E9D05ABDD4A}"
EndProject
Project("{9A19103F-16F7-4668-BE54-9A1E7A4F7556}") = "DDD_MongDB.Application", "CDDD_MongDB.Application\DDD_MongDB.Application.csproj", "{7F5C068A-6E41-4EA1-87AB-55CDBF9A42A2}"
EndProject
Project("{9A19103F-16F7-4668-BE54-9A1E7A4F7556}") = "DDD_MongDB.Domain", "DDD_MongDB.Domain\DDD_MongDB.Domain.csproj", "{2F18CC9D-6BC2-461C-ADCD-51D4743D04CC}"
EndProject
Project("{9A19103F-16F7-4668-BE54-9A1E7A4F7556}") = "DDD_MongDB.Infra.Data", "DDD_MongDB.Infra.Data\DDD_MongDB.Infra.Data.csproj", "{4A17D27D-0697-4C91-B89F-1E5939907D97}"
EndProject
Project("{9A19103F-16F7-4668-BE54-9A1E7A4F7556}") = "DDD_MongDB.Infra.IoC", "DDD_MongDB.Infra.IoC\DDD_MongDB.Infra.IoC.csproj", "{7B44725A-867B-4DC7-B172-42CC1D47AC11}"
EndProject
Global
	GlobalSection(SolutionConfigurationPlatforms) = preSolution
		Debug|Any CPU = Debug|Any CPU
		Release|Any CPU = Release|Any CPU
	EndGlobalSection
	GlobalSection(ProjectConfigurationPlatforms) = postSolution
		{A6AE1659-9215-4EEF-9A29-4E9D05ABDD4A}.Debug|Any CPU.ActiveCfg = Debug|Any CPU
		{A6AE1659-9215-4EEF-9A29-4E9D05ABDD4A}.Debug|Any CPU.Build.0 = Debug|Any CPU
		{A6AE1659-9215-4EEF-9A29-4E9D05ABDD4A}.Release|Any CPU.ActiveCfg = Release|Any CPU
		{A6AE1659-9215-4EEF-9A29-4E9D05ABDD4A}.Release|Any CPU.Build.0 = Release|Any CPU
		{7F5C068A-6E41-4EA1-87AB-55CDBF9A42A2}.Debug|Any CPU.ActiveCfg = Debug|Any CPU
		{7F5C068A-6E41-4EA1-87AB-55CDBF9A42A2}.Debug|Any CPU.Build.0 = Debug|Any CPU
		{7F5C068A-6E41-4EA1-87AB-55CDBF9A42A2}.Release|Any CPU.ActiveCfg = Release|Any CPU
		{7F5C068A-6E41-4EA1-87AB-55CDBF9A42A2}.Release|Any CPU.Build.0 = Release|Any CPU
		{2F18CC9D-6BC2-461C-ADCD-51D4743D04CC}.Debug|Any CPU.ActiveCfg = Debug|Any CPU
		{2F18CC9D-6BC2-461C-ADCD-51D4743D04CC}.Debug|Any CPU.Build.0 = Debug|Any CPU
		{2F18CC9D-6BC2-461C-ADCD-51D4743D04CC}.Release|Any CPU.ActiveCfg = Release|Any CPU
		{2F18CC9D-6BC2-461C-ADCD-51D4743D04CC}.Release|Any CPU.Build.0 = Release|Any CPU
		{4A17D27D-0697-4C91-B89F-1E5939907D97}.Debug|Any CPU.ActiveCfg = Debug|Any CPU
		{4A17D27D-0697-4C91-B89F-1E5939907D97}.Debug|Any CPU.Build.0 = Debug|Any CPU
		{4A17D27D-0697-4C91-B89F-1E5939907D97}.Release|Any CPU.ActiveCfg = Release|Any CPU
		{4A17D27D-0697-4C91-B89F-1E5939907D97}.Release|Any CPU.Build.0 = Release|Any CPU
		{7B44725A-867B-4DC7-B172-42CC1D47AC11}.Debug|Any CPU.ActiveCfg = Debug|Any CPU
		{7B44725A-867B-4DC7-B172-42CC1D47AC11}.Debug|Any CPU.Build.0 = Debug|Any CPU
		{7B44725A-867B-4DC7-B172-42CC1D47AC11}.Release|Any CPU.ActiveCfg = Release|Any CPU
		{7B44725A-867B-4DC7-B172-42CC1D47AC11}.Release|Any CPU.Build.0 = Release|Any CPU
	EndGlobalSection
	GlobalSection(SolutionProperties) = preSolution
		HideSolutionNode = FALSE
	EndGlobalSection
	GlobalSection(NestedProjects) = preSolution
		{9254069F-3178-49AA-92F3-5DAF5CA4E030} = {A0F77765-2975-465A-9E5B-C4F8E451F899}
		{E0333FC7-6CDC-439F-8770-D495109C8137} = {A0F77765-2975-465A-9E5B-C4F8E451F899}
		{A6AE1659-9215-4EEF-9A29-4E9D05ABDD4A} = {7EFD0096-3560-4895-838E-E5DE3BEB120A}
		{7F5C068A-6E41-4EA1-87AB-55CDBF9A42A2} = {FE089011-DB9B-47AC-9E75-766127094A07}
		{2F18CC9D-6BC2-461C-ADCD-51D4743D04CC} = {62374E8C-1A8C-45D9-B380-A172A2A54688}
		{4A17D27D-0697-4C91-B89F-1E5939907D97} = {9254069F-3178-49AA-92F3-5DAF5CA4E030}
		{7B44725A-867B-4DC7-B172-42CC1D47AC11} = {E0333FC7-6CDC-439F-8770-D495109C8137}
	EndGlobalSection
	GlobalSection(ExtensibilityGlobals) = postSolution
		SolutionGuid = {BD4A1DB5-B881-4586-82BC-CE3C5059F4FA}
	EndGlobalSection
EndGlobal
